
Microsoft Visual Studio Solution File, Format Version 12.00
# Visual Studio Version 16
VisualStudioVersion = 16.0.29709.97
MinimumVisualStudioVersion = 10.0.40219.1
Project("{FAE04EC0-301F-11D3-BF4B-00C04F79EFBC}") = "IterativeStatement", "IterativeStatement.csproj", "{DCEFA808-F3DE-4326-9C3A-978E6602CB25}"
EndProject
Global
	GlobalSection(SolutionConfigurationPlatforms) = preSolution
		Debug|Any CPU = Debug|Any CPU
		Release|Any CPU = Release|Any CPU
	EndGlobalSection
	GlobalSection(ProjectConfigurationPlatforms) = postSolution
		{DCEFA808-F3DE-4326-9C3A-978E6602CB25}.Debug|Any CPU.ActiveCfg = Debug|Any CPU
		{DCEFA808-F3DE-4326-9C3A-978E6602CB25}.Debug|Any CPU.Build.0 = Debug|Any CPU
		{DCEFA808-F3DE-4326-9C3A-978E6602CB25}.Release|Any CPU.ActiveCfg = Release|Any CPU
		{DCEFA808-F3DE-4326-9C3A-978E6602CB25}.Release|Any CPU.Build.0 = Release|Any CPU
	EndGlobalSection
	GlobalSection(SolutionProperties) = preSolution
		HideSolutionNode = FALSE
	EndGlobalSection
	GlobalSection(ExtensibilityGlobals) = postSolution
		SolutionGuid = {A62A4F09-DCA1-4A68-A372-36F4D1E916D3}
	EndGlobalSection
EndGlobal
